
Microsoft Visual Studio Solution File, Format Version 12.00
# Visual Studio Version 17
VisualStudioVersion = 17.7.34031.279
MinimumVisualStudioVersion = 10.0.40219.1
Project("{9A19103F-16F7-4668-BE54-9A1E7A4F7556}") = "QLRHM7", "QLRHM\QLRHM7.csproj", "{6539B625-9167-420B-A349-705E84DC7DFD}"
EndProject
Global
	GlobalSection(SolutionConfigurationPlatforms) = preSolution
		Debug|Any CPU = Debug|Any CPU
		Release|Any CPU = Release|Any CPU
	EndGlobalSection
	GlobalSection(ProjectConfigurationPlatforms) = postSolution
		{6539B625-9167-420B-A349-705E84DC7DFD}.Debug|Any CPU.ActiveCfg = Debug|Any CPU
		{6539B625-9167-420B-A349-705E84DC7DFD}.Debug|Any CPU.Build.0 = Debug|Any CPU
		{6539B625-9167-420B-A349-705E84DC7DFD}.Release|Any CPU.ActiveCfg = Release|Any CPU
		{6539B625-9167-420B-A349-705E84DC7DFD}.Release|Any CPU.Build.0 = Release|Any CPU
	EndGlobalSection
	GlobalSection(SolutionProperties) = preSolution
		HideSolutionNode = FALSE
	EndGlobalSection
	GlobalSection(ExtensibilityGlobals) = postSolution
		SolutionGuid = {14BB74A0-CE83-436F-AB57-DD71B0C63155}
	EndGlobalSection
EndGlobal
